
Microsoft Visual Studio Solution File, Format Version 10.00
# Visual Studio 2008
# SharpDevelop 3.2.1.6466
Project("{FAE04EC0-301F-11D3-BF4B-00C04F79EFBC}") = "SeatArranger", "SeatArranger2008.csproj", "{C533A2F5-B76F-475C-BA4F-143F1E60BF90}"
EndProject
Global
	GlobalSection(SolutionConfigurationPlatforms) = preSolution
		Debug|x86 = Debug|x86
		Release|x86 = Release|x86
	EndGlobalSection
	GlobalSection(ProjectConfigurationPlatforms) = postSolution
		{C533A2F5-B76F-475C-BA4F-143F1E60BF90}.Debug|x86.Build.0 = Debug|x86
		{C533A2F5-B76F-475C-BA4F-143F1E60BF90}.Debug|x86.ActiveCfg = Debug|x86
		{C533A2F5-B76F-475C-BA4F-143F1E60BF90}.Release|x86.Build.0 = Release|x86
		{C533A2F5-B76F-475C-BA4F-143F1E60BF90}.Release|x86.ActiveCfg = Release|x86
	EndGlobalSection
EndGlobal
